
Microsoft Visual Studio Solution File, Format Version 12.00
# Visual Studio 15
Project("{FAE04EC0-301F-11D3-BF4B-00C04F79EFBC}") = "ProjectA", "ProjectA\ProjectA.csproj", "{0CEAABC8-750D-4B2F-8311-9491C2A46CBE}"
EndProject
Global
	GlobalSection(SolutionConfigurationPlatforms) = preSolution
		Debug|Any CPU = Debug|Any CPU
		Release|Any CPU = Release|Any CPU
	EndGlobalSection
	GlobalSection(ProjectConfigurationPlatforms) = postSolution
		{0CEAABC8-750D-4B2F-8311-9491C2A46CBE}.Debug|Any CPU.ActiveCfg = Debug|Any CPU
		{0CEAABC8-750D-4B2F-8311-9491C2A46CBE}.Debug|Any CPU.Build.0 = Debug|Any CPU
		{0CEAABC8-750D-4B2F-8311-9491C2A46CBE}.Release|Any CPU.ActiveCfg = Release|Any CPU
		{0CEAABC8-750D-4B2F-8311-9491C2A46CBE}.Release|Any CPU.Build.0 = Release|Any CPU
	EndGlobalSection
EndGlobal
